
Microsoft Visual Studio Solution File, Format Version 12.00
# Visual Studio Version 16
VisualStudioVersion = 16.0.29905.134
MinimumVisualStudioVersion = 10.0.40219.1
Project("{9A19103F-16F7-4668-BE54-9A1E7A4F7556}") = "coding.API", "coding.API.csproj", "{78AD321D-3639-409B-BB6F-194FA3A8827C}"
EndProject
Project("{FAE04EC0-301F-11D3-BF4B-00C04F79EFBC}") = "CodingInDfWTests", "..\CodingInDfWTests\CodingInDfWTests.csproj", "{FCC379BD-2988-47BA-8F64-EC9AB23DA2F6}"
EndProject
Global
	GlobalSection(SolutionConfigurationPlatforms) = preSolution
		Debug|Any CPU = Debug|Any CPU
		Release|Any CPU = Release|Any CPU
	EndGlobalSection
	GlobalSection(ProjectConfigurationPlatforms) = postSolution
		{78AD321D-3639-409B-BB6F-194FA3A8827C}.Debug|Any CPU.ActiveCfg = Debug|Any CPU
		{78AD321D-3639-409B-BB6F-194FA3A8827C}.Debug|Any CPU.Build.0 = Debug|Any CPU
		{78AD321D-3639-409B-BB6F-194FA3A8827C}.Release|Any CPU.ActiveCfg = Release|Any CPU
		{78AD321D-3639-409B-BB6F-194FA3A8827C}.Release|Any CPU.Build.0 = Release|Any CPU
		{FCC379BD-2988-47BA-8F64-EC9AB23DA2F6}.Debug|Any CPU.ActiveCfg = Debug|Any CPU
		{FCC379BD-2988-47BA-8F64-EC9AB23DA2F6}.Debug|Any CPU.Build.0 = Debug|Any CPU
		{FCC379BD-2988-47BA-8F64-EC9AB23DA2F6}.Release|Any CPU.ActiveCfg = Release|Any CPU
		{FCC379BD-2988-47BA-8F64-EC9AB23DA2F6}.Release|Any CPU.Build.0 = Release|Any CPU
	EndGlobalSection
	GlobalSection(SolutionProperties) = preSolution
		HideSolutionNode = FALSE
	EndGlobalSection
	GlobalSection(ExtensibilityGlobals) = postSolution
		SolutionGuid = {F69B665A-D2D6-4A0E-907C-6BC06FAFB763}
	EndGlobalSection
EndGlobal
